{
  "name": "functions",
  "lockfileVersion": 3,
  "requires": true,
  "packages": {
    "": {
      "name": "functions",
      "dependencies": {
        "axios": "^1.13.2",
        "cors": "^2.8.5",
        "express": "^5.1.0",
        "firebase-functions": "^5.0.1"
      },
      "devDependencies": {
        "firebase-functions-test": "^3.1.0"
      },
      "engines": {
        "node": "18"
      }
    },
    "node_modules/@babel/code-frame": {
      "version": "7.27.1",
      "resolved": "https://registry.npmjs.org/@babel/code-frame/-/code-frame-7.27.1.tgz",
      "integrity": 